Microsoft Visual Studio Solution File, Format Version 11.00
# Visual Studio 2008

Project("{DD10D9BE-EE74-4D08-869E-7E3F014F8CCF}") = "Tower of Defense", "Assembly-CSharp.csproj", "{C80BAC19-919F-F047-F12E-67CCBE94401E}"
EndProject
Global
	GlobalSection(SolutionConfigurationPlatforms) = preSolution
		Debug|Any CPU = Debug|Any CPU
		Release|Any CPU = Release|Any CPU
	EndGlobalSection
	GlobalSection(ProjectConfigurationPlatforms) = postSolution
		{C80BAC19-919F-F047-F12E-67CCBE94401E}.Debug|Any CPU.ActiveCfg = Debug|Any CPU
		{C80BAC19-919F-F047-F12E-67CCBE94401E}.Debug|Any CPU.Build.0 = Debug|Any CPU
		{C80BAC19-919F-F047-F12E-67CCBE94401E}.Release|Any CPU.ActiveCfg = Release|Any CPU
		{C80BAC19-919F-F047-F12E-67CCBE94401E}.Release|Any CPU.Build.0 = Release|Any CPU
	EndGlobalSection
	GlobalSection(SolutionProperties) = preSolution
		HideSolutionNode = FALSE
	EndGlobalSection
	GlobalSection(MonoDevelopProperties) = preSolution
		StartupItem = Assembly-CSharp.csproj
	EndGlobalSection
EndGlobal
